# This file was autogenerated by Stack.
# You should not edit this file by hand.
# For more information, please see the documentation at:
#   https://docs.haskellstack.org/en/stable/topics/lock_files

packages:
- completed:
    hackage: hedgehog-1.4@sha256:9860ab34ab3951d9515c71b777d8c9c47610aae7339933e17d26ad9a4afa5618,4754
    pantry-tree:
      sha256: 8fd5983d447a5362856d4741d9e19cac8dcab150017c91b0c5acad6472afb0f6
      size: 2713
  original:
    hackage: hedgehog-1.4@sha256:9860ab34ab3951d9515c71b777d8c9c47610aae7339933e17d26ad9a4afa5618,4754
- completed:
    hackage: hw-hspec-hedgehog-0.1.1.1@sha256:10cb9cee967ec3dc85ddf74090013ffc2d504f1d91056efc2027ad534f5b8d3b,3303
    pantry-tree:
      sha256: 232738ef3c93bdd6bd94704afd0a6824797eff7b241c847f1bcdb9fe6cb2eb8a
      size: 478
  original:
    hackage: hw-hspec-hedgehog-0.1.1.1@sha256:10cb9cee967ec3dc85ddf74090013ffc2d504f1d91056efc2027ad534f5b8d3b,3303
snapshots:
- completed:
    sha256: 309392e77af949aff34933aff53070c774d274b0f2f7e314df665c0d322c7715
    size: 726103
    url: https://raw.githubusercontent.com/commercialhaskell/stackage-snapshots/master/lts/24/16.yaml
  original: lts-24.16
